
Microsoft Visual Studio Solution File, Format Version 12.00
Project("{FAE04EC0-301F-11D3-BF4B-00C04F79EFBC}") = "pongpong", "pongpong\pongpong.csproj", "{1C044FE6-AF07-4D0B-ABE8-A5329769A52B}"
EndProject
Global
	GlobalSection(SolutionConfigurationPlatforms) = preSolution
		Debug|Any CPU = Debug|Any CPU
		Release|Any CPU = Release|Any CPU
	EndGlobalSection
	GlobalSection(ProjectConfigurationPlatforms) = postSolution
		{1C044FE6-AF07-4D0B-ABE8-A5329769A52B}.Debug|Any CPU.ActiveCfg = Debug|Any CPU
		{1C044FE6-AF07-4D0B-ABE8-A5329769A52B}.Debug|Any CPU.Build.0 = Debug|Any CPU
		{1C044FE6-AF07-4D0B-ABE8-A5329769A52B}.Release|Any CPU.ActiveCfg = Release|Any CPU
		{1C044FE6-AF07-4D0B-ABE8-A5329769A52B}.Release|Any CPU.Build.0 = Release|Any CPU
	EndGlobalSection
EndGlobal
